Microsoft Visual Studio Solution File, Format Version 11.00
# Visual Studio 2008

Project("{A43C713C-BDB2-1E31-2758-96F311A9C1A1}") = "teadyFull-1", "Assembly-CSharp.csproj", "{94D5F047-F410-E12D-96E1-E61620A59019}"
EndProject
Global
	GlobalSection(SolutionConfigurationPlatforms) = preSolution
		Debug|Any CPU = Debug|Any CPU
		Release|Any CPU = Release|Any CPU
	EndGlobalSection
	GlobalSection(ProjectConfigurationPlatforms) = postSolution
		{94D5F047-F410-E12D-96E1-E61620A59019}.Debug|Any CPU.ActiveCfg = Debug|Any CPU
		{94D5F047-F410-E12D-96E1-E61620A59019}.Debug|Any CPU.Build.0 = Debug|Any CPU
		{94D5F047-F410-E12D-96E1-E61620A59019}.Release|Any CPU.ActiveCfg = Release|Any CPU
		{94D5F047-F410-E12D-96E1-E61620A59019}.Release|Any CPU.Build.0 = Release|Any CPU
	EndGlobalSection
	GlobalSection(SolutionProperties) = preSolution
		HideSolutionNode = FALSE
	EndGlobalSection
	GlobalSection(MonoDevelopProperties) = preSolution
		StartupItem = Assembly-CSharp.csproj
	EndGlobalSection
EndGlobal
